
Microsoft Visual Studio Solution File, Format Version 12.00
# Visual Studio Version 17
VisualStudioVersion = 17.0.31717.71
MinimumVisualStudioVersion = 10.0.40219.1
Project("{9A19103F-16F7-4668-BE54-9A1E7A4F7556}") = "MatchFinder.Mud", "MatchFinder.Mud.csproj", "{43BE188A-3528-467B-B102-8BD7FD51F410}"
EndProject
Global
	GlobalSection(SolutionConfigurationPlatforms) = preSolution
		Debug|Any CPU = Debug|Any CPU
		Release|Any CPU = Release|Any CPU
	EndGlobalSection
	GlobalSection(ProjectConfigurationPlatforms) = postSolution
		{43BE188A-3528-467B-B102-8BD7FD51F410}.Debug|Any CPU.ActiveCfg = Debug|Any CPU
		{43BE188A-3528-467B-B102-8BD7FD51F410}.Debug|Any CPU.Build.0 = Debug|Any CPU
		{43BE188A-3528-467B-B102-8BD7FD51F410}.Release|Any CPU.ActiveCfg = Release|Any CPU
		{43BE188A-3528-467B-B102-8BD7FD51F410}.Release|Any CPU.Build.0 = Release|Any CPU
	EndGlobalSection
	GlobalSection(SolutionProperties) = preSolution
		HideSolutionNode = FALSE
	EndGlobalSection
	GlobalSection(ExtensibilityGlobals) = postSolution
		SolutionGuid = {60B33737-C75C-4331-9339-306AB1007196}
	EndGlobalSection
EndGlobal